
Microsoft Visual Studio Solution File, Format Version 12.00
# Visual Studio Version 17
VisualStudioVersion = 17.4.33205.214
MinimumVisualStudioVersion = 10.0.40219.1
Project("{FAE04EC0-301F-11D3-BF4B-00C04F79EFBC}") = "Algorithms", "Algorithms.csproj", "{7B5C250E-DB09-4CF2-83BA-0A0488C0FEE6}"
EndProject
Project("{FAE04EC0-301F-11D3-BF4B-00C04F79EFBC}") = "LeetCode.Tests", "..\LeetCode.Tests\LeetCode.Tests.csproj", "{94BA6EC9-C420-4D5F-8034-471A7178BD41}"
EndProject
Global
	GlobalSection(SolutionConfigurationPlatforms) = preSolution
		Debug|Any CPU = Debug|Any CPU
		Release|Any CPU = Release|Any CPU
	EndGlobalSection
	GlobalSection(ProjectConfigurationPlatforms) = postSolution
		{7B5C250E-DB09-4CF2-83BA-0A0488C0FEE6}.Debug|Any CPU.ActiveCfg = Debug|Any CPU
		{7B5C250E-DB09-4CF2-83BA-0A0488C0FEE6}.Debug|Any CPU.Build.0 = Debug|Any CPU
		{7B5C250E-DB09-4CF2-83BA-0A0488C0FEE6}.Release|Any CPU.ActiveCfg = Release|Any CPU
		{7B5C250E-DB09-4CF2-83BA-0A0488C0FEE6}.Release|Any CPU.Build.0 = Release|Any CPU
		{94BA6EC9-C420-4D5F-8034-471A7178BD41}.Debug|Any CPU.ActiveCfg = Debug|Any CPU
		{94BA6EC9-C420-4D5F-8034-471A7178BD41}.Debug|Any CPU.Build.0 = Debug|Any CPU
		{94BA6EC9-C420-4D5F-8034-471A7178BD41}.Release|Any CPU.ActiveCfg = Release|Any CPU
		{94BA6EC9-C420-4D5F-8034-471A7178BD41}.Release|Any CPU.Build.0 = Release|Any CPU
	EndGlobalSection
	GlobalSection(SolutionProperties) = preSolution
		HideSolutionNode = FALSE
	EndGlobalSection
	GlobalSection(ExtensibilityGlobals) = postSolution
		SolutionGuid = {E824D83D-C7FD-41F9-B07B-6CBAC2DAD1A2}
	EndGlobalSection
EndGlobal
